
Microsoft Visual Studio Solution File, Format Version 12.00
# Visual Studio Version 17
VisualStudioVersion = 17.3.32922.545
MinimumVisualStudioVersion = 10.0.40219.1
Project("{8BC9CEB8-8B4A-11D0-8D11-00A0C91BC942}") = "Rectangle", "Rectangle\Rectangle.vcxproj", "{BE6E12D3-5C33-461B-9B3B-2D0D9C745F58}"
EndProject
Project("{8BC9CEB8-8B4A-11D0-8D11-00A0C91BC942}") = "Demo", "Demo\Demo.vcxproj", "{DFF9ECB9-D6AE-492F-AFC6-446BE3FA6745}"
EndProject
Project("{8BC9CEB8-8B4A-11D0-8D11-00A0C91BC942}") = "Rectangletest", "Rectangletest\Rectangletest.vcxproj", "{72B00527-1E70-4EC8-B994-3E3638A86A94}"
EndProject
Global
	GlobalSection(SolutionConfigurationPlatforms) = preSolution
		Debug|x64 = Debug|x64
		Debug|x86 = Debug|x86
		Release|x64 = Release|x64
		Release|x86 = Release|x86
	EndGlobalSection
	GlobalSection(ProjectConfigurationPlatforms) = postSolution
		{BE6E12D3-5C33-461B-9B3B-2D0D9C745F58}.Debug|x64.ActiveCfg = Debug|x64
		{BE6E12D3-5C33-461B-9B3B-2D0D9C745F58}.Debug|x64.Build.0 = Debug|x64
		{BE6E12D3-5C33-461B-9B3B-2D0D9C745F58}.Debug|x86.ActiveCfg = Debug|Win32
		{BE6E12D3-5C33-461B-9B3B-2D0D9C745F58}.Debug|x86.Build.0 = Debug|Win32
		{BE6E12D3-5C33-461B-9B3B-2D0D9C745F58}.Release|x64.ActiveCfg = Release|x64
		{BE6E12D3-5C33-461B-9B3B-2D0D9C745F58}.Release|x64.Build.0 = Release|x64
		{BE6E12D3-5C33-461B-9B3B-2D0D9C745F58}.Release|x86.ActiveCfg = Release|Win32
		{BE6E12D3-5C33-461B-9B3B-2D0D9C745F58}.Release|x86.Build.0 = Release|Win32
		{DFF9ECB9-D6AE-492F-AFC6-446BE3FA6745}.Debug|x64.ActiveCfg = Debug|x64
		{DFF9ECB9-D6AE-492F-AFC6-446BE3FA6745}.Debug|x64.Build.0 = Debug|x64
		{DFF9ECB9-D6AE-492F-AFC6-446BE3FA6745}.Debug|x86.ActiveCfg = Debug|Win32
		{DFF9ECB9-D6AE-492F-AFC6-446BE3FA6745}.Debug|x86.Build.0 = Debug|Win32
		{DFF9ECB9-D6AE-492F-AFC6-446BE3FA6745}.Release|x64.ActiveCfg = Release|x64
		{DFF9ECB9-D6AE-492F-AFC6-446BE3FA6745}.Release|x64.Build.0 = Release|x64
		{DFF9ECB9-D6AE-492F-AFC6-446BE3FA6745}.Release|x86.ActiveCfg = Release|Win32
		{DFF9ECB9-D6AE-492F-AFC6-446BE3FA6745}.Release|x86.Build.0 = Release|Win32
		{72B00527-1E70-4EC8-B994-3E3638A86A94}.Debug|x64.ActiveCfg = Debug|x64
		{72B00527-1E70-4EC8-B994-3E3638A86A94}.Debug|x64.Build.0 = Debug|x64
		{72B00527-1E70-4EC8-B994-3E3638A86A94}.Debug|x86.ActiveCfg = Debug|Win32
		{72B00527-1E70-4EC8-B994-3E3638A86A94}.Debug|x86.Build.0 = Debug|Win32
		{72B00527-1E70-4EC8-B994-3E3638A86A94}.Release|x64.ActiveCfg = Release|x64
		{72B00527-1E70-4EC8-B994-3E3638A86A94}.Release|x64.Build.0 = Release|x64
		{72B00527-1E70-4EC8-B994-3E3638A86A94}.Release|x86.ActiveCfg = Release|Win32
		{72B00527-1E70-4EC8-B994-3E3638A86A94}.Release|x86.Build.0 = Release|Win32
	EndGlobalSection
	GlobalSection(SolutionProperties) = preSolution
		HideSolutionNode = FALSE
	EndGlobalSection
	GlobalSection(ExtensibilityGlobals) = postSolution
		SolutionGuid = {DFBB53F5-074F-470E-AC39-9CE54EF7050C}
	EndGlobalSection
EndGlobal
